
Microsoft Visual Studio Solution File, Format Version 12.00
Project("{FAE04EC0-301F-11D3-BF4B-00C04F79EFBC}") = "Core", "src\Core\Core.csproj", "{AF089E33-C3AD-4B75-ADDF-E74C419172AD}"
EndProject
Project("{FAE04EC0-301F-11D3-BF4B-00C04F79EFBC}") = "RemoteConfig", "src\RemoteConfig\RemoteConfig.csproj", "{0C3FF90B-203F-445A-BA4A-2A27F784F73A}"
EndProject
Project("{FAE04EC0-301F-11D3-BF4B-00C04F79EFBC}") = "Storage", "src\Storage\Storage.csproj", "{79E8DB9E-F631-401D-84E5-CC33EC4ED8A7}"
EndProject
Project("{FAE04EC0-301F-11D3-BF4B-00C04F79EFBC}") = "Plugin.Firebase.IntegrationTests", "tests\Plugin.Firebase.IntegrationTests\Plugin.Firebase.IntegrationTests.csproj", "{9426163C-B64D-4079-8C79-2E7D3C1105A1}"
EndProject
Project("{2150E333-8FDC-42A3-9474-1A3956D46DE8}") = "Features", "Features", "{FD5845E5-6DE7-456C-AEF3-FCF0F678B7AB}"
EndProject
Project("{FAE04EC0-301F-11D3-BF4B-00C04F79EFBC}") = "Playground", "sample\Playground\Playground.csproj", "{69175BBF-DEAF-4CB3-AF0B-913C67B5F1CF}"
EndProject
Project("{FAE04EC0-301F-11D3-BF4B-00C04F79EFBC}") = "Firestore", "src\Firestore\Firestore.csproj", "{CC78C753-BA51-4946-8360-D3C7B29FA431}"
EndProject
Project("{FAE04EC0-301F-11D3-BF4B-00C04F79EFBC}") = "Analytics", "src\Analytics\Analytics.csproj", "{7E2A2EA6-861C-402E-A6E0-0D4EB50C9135}"
EndProject
Project("{FAE04EC0-301F-11D3-BF4B-00C04F79EFBC}") = "CloudMessaging", "src\CloudMessaging\CloudMessaging.csproj", "{52DDFF72-0A02-46BF-B19E-818DA145D620}"
EndProject
Global
	GlobalSection(SolutionConfigurationPlatforms) = preSolution
		Debug|Any CPU = Debug|Any CPU
		Release|Any CPU = Release|Any CPU
	EndGlobalSection
	GlobalSection(ProjectConfigurationPlatforms) = postSolution
		{AF089E33-C3AD-4B75-ADDF-E74C419172AD}.Debug|Any CPU.ActiveCfg = Debug|Any CPU
		{AF089E33-C3AD-4B75-ADDF-E74C419172AD}.Debug|Any CPU.Build.0 = Debug|Any CPU
		{AF089E33-C3AD-4B75-ADDF-E74C419172AD}.Release|Any CPU.ActiveCfg = Release|Any CPU
		{AF089E33-C3AD-4B75-ADDF-E74C419172AD}.Release|Any CPU.Build.0 = Release|Any CPU
		{0C3FF90B-203F-445A-BA4A-2A27F784F73A}.Debug|Any CPU.ActiveCfg = Debug|Any CPU
		{0C3FF90B-203F-445A-BA4A-2A27F784F73A}.Debug|Any CPU.Build.0 = Debug|Any CPU
		{0C3FF90B-203F-445A-BA4A-2A27F784F73A}.Release|Any CPU.ActiveCfg = Release|Any CPU
		{0C3FF90B-203F-445A-BA4A-2A27F784F73A}.Release|Any CPU.Build.0 = Release|Any CPU
		{79E8DB9E-F631-401D-84E5-CC33EC4ED8A7}.Debug|Any CPU.ActiveCfg = Debug|Any CPU
		{79E8DB9E-F631-401D-84E5-CC33EC4ED8A7}.Debug|Any CPU.Build.0 = Debug|Any CPU
		{79E8DB9E-F631-401D-84E5-CC33EC4ED8A7}.Release|Any CPU.ActiveCfg = Release|Any CPU
		{79E8DB9E-F631-401D-84E5-CC33EC4ED8A7}.Release|Any CPU.Build.0 = Release|Any CPU
		{9426163C-B64D-4079-8C79-2E7D3C1105A1}.Debug|Any CPU.ActiveCfg = Debug|Any CPU
		{9426163C-B64D-4079-8C79-2E7D3C1105A1}.Debug|Any CPU.Build.0 = Debug|Any CPU
		{9426163C-B64D-4079-8C79-2E7D3C1105A1}.Release|Any CPU.ActiveCfg = Release|Any CPU
		{9426163C-B64D-4079-8C79-2E7D3C1105A1}.Release|Any CPU.Build.0 = Release|Any CPU
		{69175BBF-DEAF-4CB3-AF0B-913C67B5F1CF}.Debug|Any CPU.ActiveCfg = Debug|Any CPU
		{69175BBF-DEAF-4CB3-AF0B-913C67B5F1CF}.Debug|Any CPU.Build.0 = Debug|Any CPU
		{69175BBF-DEAF-4CB3-AF0B-913C67B5F1CF}.Release|Any CPU.ActiveCfg = Release|Any CPU
		{69175BBF-DEAF-4CB3-AF0B-913C67B5F1CF}.Release|Any CPU.Build.0 = Release|Any CPU
		{CC78C753-BA51-4946-8360-D3C7B29FA431}.Debug|Any CPU.ActiveCfg = Debug|Any CPU
		{CC78C753-BA51-4946-8360-D3C7B29FA431}.Debug|Any CPU.Build.0 = Debug|Any CPU
		{CC78C753-BA51-4946-8360-D3C7B29FA431}.Release|Any CPU.ActiveCfg = Release|Any CPU
		{CC78C753-BA51-4946-8360-D3C7B29FA431}.Release|Any CPU.Build.0 = Release|Any CPU
		{7E2A2EA6-861C-402E-A6E0-0D4EB50C9135}.Debug|Any CPU.ActiveCfg = Debug|Any CPU
		{7E2A2EA6-861C-402E-A6E0-0D4EB50C9135}.Debug|Any CPU.Build.0 = Debug|Any CPU
		{7E2A2EA6-861C-402E-A6E0-0D4EB50C9135}.Release|Any CPU.ActiveCfg = Release|Any CPU
		{7E2A2EA6-861C-402E-A6E0-0D4EB50C9135}.Release|Any CPU.Build.0 = Release|Any CPU
		{52DDFF72-0A02-46BF-B19E-818DA145D620}.Debug|Any CPU.ActiveCfg = Debug|Any CPU
		{52DDFF72-0A02-46BF-B19E-818DA145D620}.Debug|Any CPU.Build.0 = Debug|Any CPU
		{52DDFF72-0A02-46BF-B19E-818DA145D620}.Release|Any CPU.ActiveCfg = Release|Any CPU
		{52DDFF72-0A02-46BF-B19E-818DA145D620}.Release|Any CPU.Build.0 = Release|Any CPU
	EndGlobalSection
	GlobalSection(NestedProjects) = preSolution
		{0C3FF90B-203F-445A-BA4A-2A27F784F73A} = {FD5845E5-6DE7-456C-AEF3-FCF0F678B7AB}
		{79E8DB9E-F631-401D-84E5-CC33EC4ED8A7} = {FD5845E5-6DE7-456C-AEF3-FCF0F678B7AB}
		{CC78C753-BA51-4946-8360-D3C7B29FA431} = {FD5845E5-6DE7-456C-AEF3-FCF0F678B7AB}
		{7E2A2EA6-861C-402E-A6E0-0D4EB50C9135} = {FD5845E5-6DE7-456C-AEF3-FCF0F678B7AB}
		{52DDFF72-0A02-46BF-B19E-818DA145D620} = {FD5845E5-6DE7-456C-AEF3-FCF0F678B7AB}
	EndGlobalSection
EndGlobal
