
Microsoft Visual Studio Solution File, Format Version 12.00
# Visual Studio Version 16
VisualStudioVersion = 16.0.808.1
MinimumVisualStudioVersion = 10.0.40219.1
Project("{FAE04EC0-301F-11D3-BF4B-00C04F79EFBC}") = "Plugin.Firebase", "Plugin.Firebase.csproj", "{05AEE250-D409-414E-90EA-249656AF8492}"
EndProject
Project("{FAE04EC0-301F-11D3-BF4B-00C04F79EFBC}") = "Playground", "..\sample\Playground\Playground.csproj", "{ADA86FC0-F0F4-4AF4-86BA-E1D107314998}"
EndProject
Project("{FAE04EC0-301F-11D3-BF4B-00C04F79EFBC}") = "Plugin.Firebase.IntegrationTests", "..\tests\Plugin.Firebase.IntegrationTests\Plugin.Firebase.IntegrationTests.csproj", "{88D3930F-20B5-468B-8D1F-0D526672BA5A}"
EndProject
Global
	GlobalSection(SolutionConfigurationPlatforms) = preSolution
		Debug|Any CPU = Debug|Any CPU
		Release|Any CPU = Release|Any CPU
		Debug|iPhoneSimulator = Debug|iPhoneSimulator
		Release|iPhoneSimulator = Release|iPhoneSimulator
		Debug|iPhone = Debug|iPhone
		Release|iPhone = Release|iPhone
	EndGlobalSection
	GlobalSection(ProjectConfigurationPlatforms) = postSolution
		{05AEE250-D409-414E-90EA-249656AF8492}.Debug|Any CPU.ActiveCfg = Debug|Any CPU
		{05AEE250-D409-414E-90EA-249656AF8492}.Debug|Any CPU.Build.0 = Debug|Any CPU
		{05AEE250-D409-414E-90EA-249656AF8492}.Release|Any CPU.ActiveCfg = Release|Any CPU
		{05AEE250-D409-414E-90EA-249656AF8492}.Release|Any CPU.Build.0 = Release|Any CPU
		{05AEE250-D409-414E-90EA-249656AF8492}.Debug|iPhoneSimulator.ActiveCfg = Debug|Any CPU
		{05AEE250-D409-414E-90EA-249656AF8492}.Debug|iPhoneSimulator.Build.0 = Debug|Any CPU
		{05AEE250-D409-414E-90EA-249656AF8492}.Release|iPhoneSimulator.ActiveCfg = Release|Any CPU
		{05AEE250-D409-414E-90EA-249656AF8492}.Release|iPhoneSimulator.Build.0 = Release|Any CPU
		{05AEE250-D409-414E-90EA-249656AF8492}.Debug|iPhone.ActiveCfg = Debug|Any CPU
		{05AEE250-D409-414E-90EA-249656AF8492}.Debug|iPhone.Build.0 = Debug|Any CPU
		{05AEE250-D409-414E-90EA-249656AF8492}.Release|iPhone.ActiveCfg = Release|Any CPU
		{05AEE250-D409-414E-90EA-249656AF8492}.Release|iPhone.Build.0 = Release|Any CPU
		{ADA86FC0-F0F4-4AF4-86BA-E1D107314998}.Debug|Any CPU.ActiveCfg = Debug|Any CPU
		{ADA86FC0-F0F4-4AF4-86BA-E1D107314998}.Debug|Any CPU.Build.0 = Debug|Any CPU
		{ADA86FC0-F0F4-4AF4-86BA-E1D107314998}.Release|Any CPU.ActiveCfg = Release|Any CPU
		{ADA86FC0-F0F4-4AF4-86BA-E1D107314998}.Release|Any CPU.Build.0 = Release|Any CPU
		{ADA86FC0-F0F4-4AF4-86BA-E1D107314998}.Debug|iPhoneSimulator.ActiveCfg = Debug|Any CPU
		{ADA86FC0-F0F4-4AF4-86BA-E1D107314998}.Debug|iPhoneSimulator.Build.0 = Debug|Any CPU
		{ADA86FC0-F0F4-4AF4-86BA-E1D107314998}.Release|iPhoneSimulator.ActiveCfg = Release|Any CPU
		{ADA86FC0-F0F4-4AF4-86BA-E1D107314998}.Release|iPhoneSimulator.Build.0 = Release|Any CPU
		{ADA86FC0-F0F4-4AF4-86BA-E1D107314998}.Debug|iPhone.ActiveCfg = Debug|Any CPU
		{ADA86FC0-F0F4-4AF4-86BA-E1D107314998}.Debug|iPhone.Build.0 = Debug|Any CPU
		{ADA86FC0-F0F4-4AF4-86BA-E1D107314998}.Release|iPhone.ActiveCfg = Release|Any CPU
		{ADA86FC0-F0F4-4AF4-86BA-E1D107314998}.Release|iPhone.Build.0 = Release|Any CPU
		{88D3930F-20B5-468B-8D1F-0D526672BA5A}.Debug|Any CPU.ActiveCfg = Debug|Any CPU
		{88D3930F-20B5-468B-8D1F-0D526672BA5A}.Debug|Any CPU.Build.0 = Debug|Any CPU
		{88D3930F-20B5-468B-8D1F-0D526672BA5A}.Release|Any CPU.ActiveCfg = Release|Any CPU
		{88D3930F-20B5-468B-8D1F-0D526672BA5A}.Release|Any CPU.Build.0 = Release|Any CPU
		{88D3930F-20B5-468B-8D1F-0D526672BA5A}.Debug|iPhoneSimulator.ActiveCfg = Debug|Any CPU
		{88D3930F-20B5-468B-8D1F-0D526672BA5A}.Debug|iPhoneSimulator.Build.0 = Debug|Any CPU
		{88D3930F-20B5-468B-8D1F-0D526672BA5A}.Release|iPhoneSimulator.ActiveCfg = Release|Any CPU
		{88D3930F-20B5-468B-8D1F-0D526672BA5A}.Release|iPhoneSimulator.Build.0 = Release|Any CPU
		{88D3930F-20B5-468B-8D1F-0D526672BA5A}.Debug|iPhone.ActiveCfg = Debug|Any CPU
		{88D3930F-20B5-468B-8D1F-0D526672BA5A}.Debug|iPhone.Build.0 = Debug|Any CPU
		{88D3930F-20B5-468B-8D1F-0D526672BA5A}.Release|iPhone.ActiveCfg = Release|Any CPU
		{88D3930F-20B5-468B-8D1F-0D526672BA5A}.Release|iPhone.Build.0 = Release|Any CPU
	EndGlobalSection
	GlobalSection(SolutionProperties) = preSolution
		HideSolutionNode = FALSE
	EndGlobalSection
	GlobalSection(ExtensibilityGlobals) = postSolution
		SolutionGuid = {C3214900-5FCF-4FA6-BF4E-28C9514183BE}
	EndGlobalSection
	GlobalSection(NestedProjects) = preSolution
	EndGlobalSection
EndGlobal
